Microsoft Visual Studio Solution File, Format Version 12.00
# Visual Studio Version 17
VisualStudioVersion = 17.5.2.0
MinimumVisualStudioVersion = 10.0.40219.1
Project("{FAE04EC0-301F-11D3-BF4B-00C04F79EFBC}") = "AgendaTurnosClinica", "AgendaTurnosClinica.csproj", "{D36EBC2B-5B70-B294-4A81-1F3947538FF4}"
EndProject
Global
	GlobalSection(SolutionConfigurationPlatforms) = preSolution
		Debug|Any CPU = Debug|Any CPU
		Release|Any CPU = Release|Any CPU
	EndGlobalSection
	GlobalSection(ProjectConfigurationPlatforms) = postSolution
		{D36EBC2B-5B70-B294-4A81-1F3947538FF4}.Debug|Any CPU.ActiveCfg = Debug|Any CPU
		{D36EBC2B-5B70-B294-4A81-1F3947538FF4}.Debug|Any CPU.Build.0 = Debug|Any CPU
		{D36EBC2B-5B70-B294-4A81-1F3947538FF4}.Release|Any CPU.ActiveCfg = Release|Any CPU
		{D36EBC2B-5B70-B294-4A81-1F3947538FF4}.Release|Any CPU.Build.0 = Release|Any CPU
	EndGlobalSection
	GlobalSection(SolutionProperties) = preSolution
		HideSolutionNode = FALSE
	EndGlobalSection
	GlobalSection(ExtensibilityGlobals) = postSolution
		SolutionGuid = {8EE34EA4-636A-4B95-B6FC-3B491137C1AD}
	EndGlobalSection
EndGlobal
