Microsoft Visual Studio Solution File, Format Version 12.00
# Visual Studio Version 17
VisualStudioVersion = 17.5.2.0
MinimumVisualStudioVersion = 10.0.40219.1
Project("{FAE04EC0-301F-11D3-BF4B-00C04F79EFBC}") = "BusqudaEnCatalogo", "BusqudaEnCatalogo\BusqudaEnCatalogo.csproj", "{8A3DC82D-1DF8-E453-2BD2-FCB3A556AD5F}"
EndProject
Global
	GlobalSection(SolutionConfigurationPlatforms) = preSolution
		Debug|Any CPU = Debug|Any CPU
		Release|Any CPU = Release|Any CPU
	EndGlobalSection
	GlobalSection(ProjectConfigurationPlatforms) = postSolution
		{8A3DC82D-1DF8-E453-2BD2-FCB3A556AD5F}.Debug|Any CPU.ActiveCfg = Debug|Any CPU
		{8A3DC82D-1DF8-E453-2BD2-FCB3A556AD5F}.Debug|Any CPU.Build.0 = Debug|Any CPU
		{8A3DC82D-1DF8-E453-2BD2-FCB3A556AD5F}.Release|Any CPU.ActiveCfg = Release|Any CPU
		{8A3DC82D-1DF8-E453-2BD2-FCB3A556AD5F}.Release|Any CPU.Build.0 = Release|Any CPU
	EndGlobalSection
	GlobalSection(SolutionProperties) = preSolution
		HideSolutionNode = FALSE
	EndGlobalSection
	GlobalSection(ExtensibilityGlobals) = postSolution
		SolutionGuid = {7C1A579C-623E-4BF1-AA8E-496D0D7B8628}
	EndGlobalSection
EndGlobal
